
Microsoft Visual Studio Solution File, Format Version 12.00
# Visual Studio Version 17
VisualStudioVersion = 17.5.33424.131
MinimumVisualStudioVersion = 10.0.40219.1
Project("{FAE04EC0-301F-11D3-BF4B-00C04F79EFBC}") = "Nesne_Hareket", "Nesne_Hareket\Nesne_Hareket.csproj", "{01A6F6EC-1782-4021-BA8A-87AE01F79DBF}"
EndProject
Global
	GlobalSection(SolutionConfigurationPlatforms) = preSolution
		Debug|Any CPU = Debug|Any CPU
		Release|Any CPU = Release|Any CPU
	EndGlobalSection
	GlobalSection(ProjectConfigurationPlatforms) = postSolution
		{01A6F6EC-1782-4021-BA8A-87AE01F79DBF}.Debug|Any CPU.ActiveCfg = Debug|Any CPU
		{01A6F6EC-1782-4021-BA8A-87AE01F79DBF}.Debug|Any CPU.Build.0 = Debug|Any CPU
		{01A6F6EC-1782-4021-BA8A-87AE01F79DBF}.Release|Any CPU.ActiveCfg = Release|Any CPU
		{01A6F6EC-1782-4021-BA8A-87AE01F79DBF}.Release|Any CPU.Build.0 = Release|Any CPU
	EndGlobalSection
	GlobalSection(SolutionProperties) = preSolution
		HideSolutionNode = FALSE
	EndGlobalSection
	GlobalSection(ExtensibilityGlobals) = postSolution
		SolutionGuid = {82680EF6-8DB3-4463-9C3C-F557CED30334}
	EndGlobalSection
EndGlobal
