
Microsoft Visual Studio Solution File, Format Version 12.00
# Visual Studio Version 17
VisualStudioVersion = 17.5.33424.131
MinimumVisualStudioVersion = 10.0.40219.1
Project("{FAE04EC0-301F-11D3-BF4B-00C04F79EFBC}") = "Pasaparola", "Pasaparola\Pasaparola.csproj", "{29E110DB-2932-4054-91FA-48D0A67CE382}"
EndProject
Global
	GlobalSection(SolutionConfigurationPlatforms) = preSolution
		Debug|Any CPU = Debug|Any CPU
		Release|Any CPU = Release|Any CPU
	EndGlobalSection
	GlobalSection(ProjectConfigurationPlatforms) = postSolution
		{29E110DB-2932-4054-91FA-48D0A67CE382}.Debug|Any CPU.ActiveCfg = Debug|Any CPU
		{29E110DB-2932-4054-91FA-48D0A67CE382}.Debug|Any CPU.Build.0 = Debug|Any CPU
		{29E110DB-2932-4054-91FA-48D0A67CE382}.Release|Any CPU.ActiveCfg = Release|Any CPU
		{29E110DB-2932-4054-91FA-48D0A67CE382}.Release|Any CPU.Build.0 = Release|Any CPU
	EndGlobalSection
	GlobalSection(SolutionProperties) = preSolution
		HideSolutionNode = FALSE
	EndGlobalSection
	GlobalSection(ExtensibilityGlobals) = postSolution
		SolutionGuid = {569FA7A8-07AD-4FF5-AC04-78EA8A2882EC}
	EndGlobalSection
EndGlobal
