
Microsoft Visual Studio Solution File, Format Version 12.00
# Visual Studio Version 17
VisualStudioVersion = 17.5.33424.131
MinimumVisualStudioVersion = 10.0.40219.1
Project("{FAE04EC0-301F-11D3-BF4B-00C04F79EFBC}") = "Veri_Tabanli_Parti_Secim_Istatistik", "Veri_Tabanli_Parti_Secim_Istatistik\Veri_Tabanli_Parti_Secim_Istatistik.csproj", "{530B1DE0-345F-4EB7-9825-67ED6648C7A6}"
EndProject
Global
	GlobalSection(SolutionConfigurationPlatforms) = preSolution
		Debug|Any CPU = Debug|Any CPU
		Release|Any CPU = Release|Any CPU
	EndGlobalSection
	GlobalSection(ProjectConfigurationPlatforms) = postSolution
		{530B1DE0-345F-4EB7-9825-67ED6648C7A6}.Debug|Any CPU.ActiveCfg = Debug|Any CPU
		{530B1DE0-345F-4EB7-9825-67ED6648C7A6}.Debug|Any CPU.Build.0 = Debug|Any CPU
		{530B1DE0-345F-4EB7-9825-67ED6648C7A6}.Release|Any CPU.ActiveCfg = Release|Any CPU
		{530B1DE0-345F-4EB7-9825-67ED6648C7A6}.Release|Any CPU.Build.0 = Release|Any CPU
	EndGlobalSection
	GlobalSection(SolutionProperties) = preSolution
		HideSolutionNode = FALSE
	EndGlobalSection
	GlobalSection(ExtensibilityGlobals) = postSolution
		SolutionGuid = {5B92EC73-92A8-4C58-A8DB-F83F3BC1DF88}
	EndGlobalSection
EndGlobal
