
Microsoft Visual Studio Solution File, Format Version 12.00
# Visual Studio Version 17
VisualStudioVersion = 17.5.33424.131
MinimumVisualStudioVersion = 10.0.40219.1
Project("{FAE04EC0-301F-11D3-BF4B-00C04F79EFBC}") = "Etut_Test", "Etut_Test\Etut_Test.csproj", "{ADE68AA5-6B9C-4862-A067-1D57603FDFAA}"
EndProject
Global
	GlobalSection(SolutionConfigurationPlatforms) = preSolution
		Debug|Any CPU = Debug|Any CPU
		Release|Any CPU = Release|Any CPU
	EndGlobalSection
	GlobalSection(ProjectConfigurationPlatforms) = postSolution
		{ADE68AA5-6B9C-4862-A067-1D57603FDFAA}.Debug|Any CPU.ActiveCfg = Debug|Any CPU
		{ADE68AA5-6B9C-4862-A067-1D57603FDFAA}.Debug|Any CPU.Build.0 = Debug|Any CPU
		{ADE68AA5-6B9C-4862-A067-1D57603FDFAA}.Release|Any CPU.ActiveCfg = Release|Any CPU
		{ADE68AA5-6B9C-4862-A067-1D57603FDFAA}.Release|Any CPU.Build.0 = Release|Any CPU
	EndGlobalSection
	GlobalSection(SolutionProperties) = preSolution
		HideSolutionNode = FALSE
	EndGlobalSection
	GlobalSection(ExtensibilityGlobals) = postSolution
		SolutionGuid = {4709FB33-0D27-4387-AF74-77D8F0CFD8B5}
	EndGlobalSection
EndGlobal
